
Microsoft Visual Studio Solution File, Format Version 12.00
# Visual Studio Version 17
VisualStudioVersion = 17.11.35327.3
MinimumVisualStudioVersion = 10.0.40219.1
Project("{FAE04EC0-301F-11D3-BF4B-00C04F79EFBC}") = "MyProductAPI", "MyProductAPI\MyProductAPI.csproj", "{FAB30DCF-8AF0-4339-8D3B-E15ABB64F39D}"
EndProject
Global
	GlobalSection(SolutionConfigurationPlatforms) = preSolution
		Debug|Any CPU = Debug|Any CPU
		Release|Any CPU = Release|Any CPU
	EndGlobalSection
	GlobalSection(ProjectConfigurationPlatforms) = postSolution
		{FAB30DCF-8AF0-4339-8D3B-E15ABB64F39D}.Debug|Any CPU.ActiveCfg = Debug|Any CPU
		{FAB30DCF-8AF0-4339-8D3B-E15ABB64F39D}.Debug|Any CPU.Build.0 = Debug|Any CPU
		{FAB30DCF-8AF0-4339-8D3B-E15ABB64F39D}.Release|Any CPU.ActiveCfg = Release|Any CPU
		{FAB30DCF-8AF0-4339-8D3B-E15ABB64F39D}.Release|Any CPU.Build.0 = Release|Any CPU
	EndGlobalSection
	GlobalSection(SolutionProperties) = preSolution
		HideSolutionNode = FALSE
	EndGlobalSection
	GlobalSection(ExtensibilityGlobals) = postSolution
		SolutionGuid = {46E2891B-794E-46ED-A690-493B1522CE6A}
	EndGlobalSection
EndGlobal
